
Microsoft Visual Studio Solution File, Format Version 12.00
# Visual Studio 15
VisualStudioVersion = 15.0.27004.2010
MinimumVisualStudioVersion = 10.0.40219.1
Project("{FAE04EC0-301F-11D3-BF4B-00C04F79EFBC}") = "myCalculator", "myCalculator\myCalculator.csproj", "{BA80DC04-BB4F-43AC-9D55-55CD045E1056}"
EndProject
Global
	GlobalSection(SolutionConfigurationPlatforms) = preSolution
		Debug|Any CPU = Debug|Any CPU
		Release|Any CPU = Release|Any CPU
	EndGlobalSection
	GlobalSection(ProjectConfigurationPlatforms) = postSolution
		{BA80DC04-BB4F-43AC-9D55-55CD045E1056}.Debug|Any CPU.ActiveCfg = Debug|Any CPU
		{BA80DC04-BB4F-43AC-9D55-55CD045E1056}.Debug|Any CPU.Build.0 = Debug|Any CPU
		{BA80DC04-BB4F-43AC-9D55-55CD045E1056}.Release|Any CPU.ActiveCfg = Release|Any CPU
		{BA80DC04-BB4F-43AC-9D55-55CD045E1056}.Release|Any CPU.Build.0 = Release|Any CPU
	EndGlobalSection
	GlobalSection(SolutionProperties) = preSolution
		HideSolutionNode = FALSE
	EndGlobalSection
	GlobalSection(ExtensibilityGlobals) = postSolution
		SolutionGuid = {9BF14783-AEC0-40A4-8378-044A784D655A}
	EndGlobalSection
EndGlobal
